
Microsoft Visual Studio Solution File, Format Version 12.00
# Visual Studio Version 17
VisualStudioVersion = 17.8.34408.163
MinimumVisualStudioVersion = 10.0.40219.1
Project("{F184B08F-C81C-45F6-A57F-5ABD9991F28F}") = "FULLASSISTANCEMORUCO", "FULLASSISTANCEMORUCO.vbproj", "{54B25B22-2422-4BC5-BD51-DDA29442E631}"
EndProject
Global
	GlobalSection(SolutionConfigurationPlatforms) = preSolution
		Debug|Any CPU = Debug|Any CPU
		Release|Any CPU = Release|Any CPU
	EndGlobalSection
	GlobalSection(ProjectConfigurationPlatforms) = postSolution
		{54B25B22-2422-4BC5-BD51-DDA29442E631}.Debug|Any CPU.ActiveCfg = Debug|Any CPU
		{54B25B22-2422-4BC5-BD51-DDA29442E631}.Debug|Any CPU.Build.0 = Debug|Any CPU
		{54B25B22-2422-4BC5-BD51-DDA29442E631}.Release|Any CPU.ActiveCfg = Release|Any CPU
		{54B25B22-2422-4BC5-BD51-DDA29442E631}.Release|Any CPU.Build.0 = Release|Any CPU
	EndGlobalSection
	GlobalSection(SolutionProperties) = preSolution
		HideSolutionNode = FALSE
	EndGlobalSection
	GlobalSection(ExtensibilityGlobals) = postSolution
		SolutionGuid = {343E87E8-845B-45D3-9507-48DB80C25C54}
	EndGlobalSection
EndGlobal
